PODS:
  - Alamofire (4.5.0)
  - Argo (4.1.2):
    - Runes (>= 4.0.0)
  - Curry (3.0.0)
  - Nimble (7.0.1)
  - PixateFreestyle (2.1.4)
  - Quick (1.1.0)
  - Runes (4.1.0)
  - RxSwift (3.6.1)
  - SwiftDate (4.1.7)

DEPENDENCIES:
  - Alamofire (= 4.5.0)
  - Argo (= 4.1.2)
  - Curry (= 3.0.0)
  - Nimble (= 7.0.1)
  - PixateFreestyle
  - Quick (= 1.1.0)
  - RxSwift (= 3.6.1)
  - SwiftDate

SPEC CHECKSUMS:
  Alamofire: f28cdffd29de33a7bfa022cbd63ae95a27fae140
  Argo: 5db06502fc1222d83011f574243089dab25202ff
  Curry: eb3d2c75aec678b3cc7fb2729d2ad6dd121531d1
  Nimble: 657d000e11df8aebe27cdaf9d244de7f30ed87f7
  PixateFreestyle: 46d97070c7d647519dc367c70cbe84c189e07ca9
  Quick: dafc587e21eed9f4cab3249b9f9015b0b7a7f71d
  Runes: 72a67a5bbbe1b5fdae08b5a01b10c60d83fc69aa
  RxSwift: f9de85ea20cd2f7716ee5409fc13523dc638e4e4
  SwiftDate: 029be76691ee89176da3a46c7df3415b6734bc5b

PODFILE CHECKSUM: caf4310a7c31e921baed3c08cfb6cb108b0a36f6

COCOAPODS: 1.2.1
