PODS:
  - Alamofire (3.1.2)
  - Argo (2.2.0)
  - Curry (1.4.0)
  - RxSwift (2.0.0-beta.2)
  - TaskQueue (0.9.8)

DEPENDENCIES:
  - Alamofire (~> 3.0)
  - Argo (~> 2.2.0)
  - Curry (~> 1.4.0)
  - RxSwift (~> 2.0.0-beta.2)
  - TaskQueue (~> 0.9.8)

SPEC CHECKSUMS:
  Alamofire: 7c16ca65f3c7e681fd925fd7f2dec7747ff96855
  Argo: 4f52a32b4cd913c204e5a45f420b3fccad3e3f24
  Curry: 294533187eedbf52db60a1e70c29b4f5c9f621c0
  RxSwift: 795720c22352cf1f62669ef3695b5df7e195103b
  TaskQueue: 3e370ea5b913bd1d47d25ab863d65a4aaa4dc3ee

COCOAPODS: 0.39.0
